
Microsoft Visual Studio Solution File, Format Version 12.00
# Visual Studio Version 17
VisualStudioVersion = 17.3.32804.467
MinimumVisualStudioVersion = 10.0.40219.1
Project("{FAE04EC0-301F-11D3-BF4B-00C04F79EFBC}") = "OnTheFLyIndividual", "OnTheFLyIndividual\OnTheFLyIndividual.csproj", "{BBA1E8BC-ED5E-45A6-AED3-6B7FE7D855AB}"
EndProject
Global
	GlobalSection(SolutionConfigurationPlatforms) = preSolution
		Debug|Any CPU = Debug|Any CPU
		Release|Any CPU = Release|Any CPU
	EndGlobalSection
	GlobalSection(ProjectConfigurationPlatforms) = postSolution
		{BBA1E8BC-ED5E-45A6-AED3-6B7FE7D855AB}.Debug|Any CPU.ActiveCfg = Debug|Any CPU
		{BBA1E8BC-ED5E-45A6-AED3-6B7FE7D855AB}.Debug|Any CPU.Build.0 = Debug|Any CPU
		{BBA1E8BC-ED5E-45A6-AED3-6B7FE7D855AB}.Release|Any CPU.ActiveCfg = Release|Any CPU
		{BBA1E8BC-ED5E-45A6-AED3-6B7FE7D855AB}.Release|Any CPU.Build.0 = Release|Any CPU
	EndGlobalSection
	GlobalSection(SolutionProperties) = preSolution
		HideSolutionNode = FALSE
	EndGlobalSection
	GlobalSection(ExtensibilityGlobals) = postSolution
		SolutionGuid = {292D0827-26EF-4EFB-B5B4-01FE06FBDD16}
	EndGlobalSection
EndGlobal
